{
  "name": "Event Management",
  "lockfileVersion": 3,
  "requires": true,
  "packages": {
    "": {
      "dependencies": {
        "@uploadthing/react": "^7.1.1",
        "uploadthing": "^7.3.0"
      }
    },
    "node_modules/@effect/platform": {
      "version": "0.69.8",
      "resolved": "https://registry.npmjs.org/@effect/platform/-/platform-0.69.8.tgz",
      "integrity": "sha512-zhBhg0c1MHMMo+grOc/6wC2/3UETLroruwrYNZ89uDtXl6EOcP5alFP+vW3NToKDA2o0hRh22KNqq4aixA7xXg==",
      "license": "MIT",
      "dependencies": {
        "find-my-way-ts": "^0.1.5",
        "multipasta": "^0.2.5"
      },
      "peerDependencies": {
        "effect": "^3.10.3"
      }
    },
    "node_modules/@uploadthing/mime-types": {
      "version": "0.3.2",
      "resolved": "https://registry.npmjs.org/@uploadthing/mime-types/-/mime-types-0.3.2.tgz",
      "integrity": "sha512-WP/K75S/649lM0GUcd9jq4RjeTIc/0bO2UmLx4+usTSNy/x0K8gV0JdLWeUUbmTQtJoHd4ZTSvAdG7ZQgcmXvA==",
      "license": "MIT"
    },
    "node_modules/@uploadthing/react": {
      "version": "7.1.1",
      "resolved": "https://registry.npmjs.org/@uploadthing/react/-/react-7.1.1.tgz",
      "integrity": "sha512-R+n2rhx9AG79FUIw225nE4v2/255lvdaLGaY0XbkCv0tfUfXNHLImu0Sml/ZHgCGb1UyMILZWgalK7LK41eXvg==",
      "license": "MIT",
      "dependencies": {
        "@uploadthing/shared": "7.1.1",
        "file-selector": "0.6.0"
      },
      "peerDependencies": {
        "next": "*",
        "react": "^17.0.2 || ^18.0.0",
        "uploadthing": "7.3.0"
      },
      "peerDependenciesMeta": {
        "next": {
          "optional": true
        }
      }
    },
    "node_modules/@uploadthing/shared": {
      "version": "7.1.1",
      "resolved": "https://registry.npmjs.org/@uploadthing/shared/-/shared-7.1.1.tgz",
      "integrity": "sha512-Nem3jZ6G9AJEBzzDVvwSKV/wLdpADz8LDg+woo9diJTHj1FOjWNzCwb8wMxpEFLM88TWv5Tq8Z1mQepNmC5WIQ==",
      "license": "MIT",
      "dependencies": {
        "@uploadthing/mime-types": "0.3.2",
        "effect": "3.10.3",
        "sqids": "^0.3.0"
      }
    },
    "node_modules/effect": {
      "version": "3.10.3",
      "resolved": "https://registry.npmjs.org/effect/-/effect-3.10.3.tgz",
      "integrity": "sha512-+Z5bUhzTeqYlfoPsfXMZG1pYadqLBKARD3xwMIoEAESsOhKFOrUsHHNCy2ZZW3/6oa4wokgT01k1zavA4BAQ4w==",
      "license": "MIT",
      "dependencies": {
        "fast-check": "^3.21.0"
      }
    },
    "node_modules/fast-check": {
      "version": "3.23.1",
      "resolved": "https://registry.npmjs.org/fast-check/-/fast-check-3.23.1.tgz",
      "integrity": "sha512-u/MudsoQEgBUZgR5N1v87vEgybeVYus9VnDVaIkxkkGP2jt54naghQ3PCQHJiogS8U/GavZCUPFfx3Xkp+NaHw==",
      "funding": [
        {
          "type": "individual",
          "url": "https://github.com/sponsors/dubzzz"
        },
        {
          "type": "opencollective",
          "url": "https://opencollective.com/fast-check"
        }
      ],
      "license": "MIT",
      "dependencies": {
        "pure-rand": "^6.1.0"
      },
      "engines": {
        "node": ">=8.0.0"
      }
    },
    "node_modules/file-selector": {
      "version": "0.6.0",
      "resolved": "https://registry.npmjs.org/file-selector/-/file-selector-0.6.0.tgz",
      "integrity": "sha512-QlZ5yJC0VxHxQQsQhXvBaC7VRJ2uaxTf+Tfpu4Z/OcVQJVpZO+DGU0rkoVW5ce2SccxugvpBJoMvUs59iILYdw==",
      "license": "MIT",
      "dependencies": {
        "tslib": "^2.4.0"
      },
      "engines": {
        "node": ">= 12"
      }
    },
    "node_modules/find-my-way-ts": {
      "version": "0.1.5",
      "resolved": "https://registry.npmjs.org/find-my-way-ts/-/find-my-way-ts-0.1.5.tgz",
      "integrity": "sha512-4GOTMrpGQVzsCH2ruUn2vmwzV/02zF4q+ybhCIrw/Rkt3L8KWcycdC6aJMctJzwN4fXD4SD5F/4B9Sksh5rE0A==",
      "license": "MIT"
    },
    "node_modules/js-tokens": {
      "version": "4.0.0",
      "resolved": "https://registry.npmjs.org/js-tokens/-/js-tokens-4.0.0.tgz",
      "integrity": "sha512-RdJUflcE3cUzKiMqQgsCu06FPu9UdIJO0beYbPhHN4k6apgJtifcoCtT9bcxOpYBtpD2kCM6Sbzg4CausW/PKQ==",
      "license": "MIT",
      "peer": true
    },
    "node_modules/loose-envify": {
      "version": "1.4.0",
      "resolved": "https://registry.npmjs.org/loose-envify/-/loose-envify-1.4.0.tgz",
      "integrity": "sha512-lyuxPGr/Wfhrlem2CL/UcnUc1zcqKAImBDzukY7Y5F/yQiNdko6+fRLevlw1HgMySw7f611UIY408EtxRSoK3Q==",
      "license": "MIT",
      "peer": true,
      "dependencies": {
        "js-tokens": "^3.0.0 || ^4.0.0"
      },
      "bin": {
        "loose-envify": "cli.js"
      }
    },
    "node_modules/multipasta": {
      "version": "0.2.5",
      "resolved": "https://registry.npmjs.org/multipasta/-/multipasta-0.2.5.tgz",
      "integrity": "sha512-c8eMDb1WwZcE02WVjHoOmUVk7fnKU/RmUcosHACglrWAuPQsEJv+E8430sXj6jNc1jHw0zrS16aCjQh4BcEb4A==",
      "license": "MIT"
    },
    "node_modules/pure-rand": {
      "version": "6.1.0",
      "resolved": "https://registry.npmjs.org/pure-rand/-/pure-rand-6.1.0.tgz",
      "integrity": "sha512-bVWawvoZoBYpp6yIoQtQXHZjmz35RSVHnUOTefl8Vcjr8snTPY1wnpSPMWekcFwbxI6gtmT7rSYPFvz71ldiOA==",
      "funding": [
        {
          "type": "individual",
          "url": "https://github.com/sponsors/dubzzz"
        },
        {
          "type": "opencollective",
          "url": "https://opencollective.com/fast-check"
        }
      ],
      "license": "MIT"
    },
    "node_modules/react": {
      "version": "18.3.1",
      "resolved": "https://registry.npmjs.org/react/-/react-18.3.1.tgz",
      "integrity": "sha512-wS+hAgJShR0KhEvPJArfuPVN1+Hz1t0Y6n5jLrGQbkb4urgPE/0Rve+1kMB1v/oWgHgm4WIcV+i7F2pTVj+2iQ==",
      "license": "MIT",
      "peer": true,
      "dependencies": {
        "loose-envify": "^1.1.0"
      },
      "engines": {
        "node": ">=0.10.0"
      }
    },
    "node_modules/sqids": {
      "version": "0.3.0",
      "resolved": "https://registry.npmjs.org/sqids/-/sqids-0.3.0.tgz",
      "integrity": "sha512-lOQK1ucVg+W6n3FhRwwSeUijxe93b51Bfz5PMRMihVf1iVkl82ePQG7V5vwrhzB11v0NtsR25PSZRGiSomJaJw==",
      "license": "MIT"
    },
    "node_modules/tslib": {
      "version": "2.8.1",
      "resolved": "https://registry.npmjs.org/tslib/-/tslib-2.8.1.tgz",
      "integrity": "sha512-oJFu94HQb+KVduSUQL7wnpmqnfmLsOA/nAh6b6EH0wCEoK0/mPeXU6c3wKDV83MkOuHPRHtSXKKU99IBazS/2w==",
      "license": "0BSD"
    },
    "node_modules/uploadthing": {
      "version": "7.3.0",
      "resolved": "https://registry.npmjs.org/uploadthing/-/uploadthing-7.3.0.tgz",
      "integrity": "sha512-ALZCOI5m5XyDD9YHCewCrhLFnELeI8xRJfJC4PvGdh9u6PcAyv851UT92JC6BLtJdgB2Fi/o9gPOXMpZkD5pSw==",
      "license": "MIT",
      "dependencies": {
        "@effect/platform": "0.69.8",
        "@uploadthing/mime-types": "0.3.2",
        "@uploadthing/shared": "7.1.1",
        "effect": "3.10.3"
      },
      "engines": {
        "node": ">=18.13.0"
      },
      "peerDependencies": {
        "express": "*",
        "fastify": "*",
        "h3": "*",
        "next": "*",
        "tailwindcss": "*"
      },
      "peerDependenciesMeta": {
        "express": {
          "optional": true
        },
        "fastify": {
          "optional": true
        },
        "h3": {
          "optional": true
        },
        "next": {
          "optional": true
        },
        "tailwindcss": {
          "optional": true
        }
      }
    }
  }
}
